
Microsoft Visual Studio Solution File, Format Version 12.00
# Visual Studio Version 17
VisualStudioVersion = 17.7.34221.43
MinimumVisualStudioVersion = 10.0.40219.1
Project("{FAE04EC0-301F-11D3-BF4B-00C04F79EFBC}") = "Lab.3.2.high.lvl.kruchinina", "Lab.3.2.high.lvl.kruchinina\Lab.3.2.high.lvl.kruchinina.csproj", "{7BEAD53A-874C-4130-84E1-FBF31CF4018D}"
EndProject
Global
	GlobalSection(SolutionConfigurationPlatforms) = preSolution
		Debug|Any CPU = Debug|Any CPU
		Release|Any CPU = Release|Any CPU
	EndGlobalSection
	GlobalSection(ProjectConfigurationPlatforms) = postSolution
		{7BEAD53A-874C-4130-84E1-FBF31CF4018D}.Debug|Any CPU.ActiveCfg = Debug|Any CPU
		{7BEAD53A-874C-4130-84E1-FBF31CF4018D}.Debug|Any CPU.Build.0 = Debug|Any CPU
		{7BEAD53A-874C-4130-84E1-FBF31CF4018D}.Release|Any CPU.ActiveCfg = Release|Any CPU
		{7BEAD53A-874C-4130-84E1-FBF31CF4018D}.Release|Any CPU.Build.0 = Release|Any CPU
	EndGlobalSection
	GlobalSection(SolutionProperties) = preSolution
		HideSolutionNode = FALSE
	EndGlobalSection
	GlobalSection(ExtensibilityGlobals) = postSolution
		SolutionGuid = {CD6AC146-0C90-48FE-A902-C5D185E338AE}
	EndGlobalSection
EndGlobal
